{
  "name": "app1",
  "version": "1.0.0",
  "lockfileVersion": 1,
  "requires": true,
  "dependencies": {
    "2ex": {
      "version": "file:../../..",
      "requires": {
        "commander": "2.11.0",
        "cookie-parser": "1.4.3",
        "import-lazy": "3.0.0",
        "loggerr": "1.8.0",
        "node-bash-title": "0.0.2",
        "run-parallel": "1.1.6",
        "runnable": "3.0.0"
      },
      "dependencies": {
        "accepts": {
          "version": "1.3.4",
          "bundled": true,
          "requires": {
            "mime-types": "2.1.17",
            "negotiator": "0.6.1"
          }
        },
        "acorn": {
          "version": "5.1.2",
          "bundled": true
        },
        "acorn-jsx": {
          "version": "3.0.1",
          "bundled": true,
          "requires": {
            "acorn": "3.3.0"
          },
          "dependencies": {
            "acorn": {
              "version": "3.3.0",
              "bundled": true
            }
          }
        },
        "ajv": {
          "version": "4.11.8",
          "bundled": true,
          "requires": {
            "co": "4.6.0",
            "json-stable-stringify": "1.0.1"
          }
        },
        "ajv-keywords": {
          "version": "1.5.1",
          "bundled": true
        },
        "ansi-escapes": {
          "version": "1.4.0",
          "bundled": true
        },
        "ansi-regex": {
          "version": "2.1.1",
          "bundled": true
        },
        "ansi-styles": {
          "version": "2.2.1",
          "bundled": true
        },
        "argparse": {
          "version": "1.0.9",
          "bundled": true,
          "requires": {
            "sprintf-js": "1.0.3"
          }
        },
        "array-flatten": {
          "version": "2.1.1",
          "bundled": true
        },
        "array-union": {
          "version": "1.0.2",
          "bundled": true,
          "requires": {
            "array-uniq": "1.0.3"
          }
        },
        "array-uniq": {
          "version": "1.0.3",
          "bundled": true
        },
        "array.prototype.find": {
          "version": "2.0.4",
          "bundled": true,
          "requires": {
            "define-properties": "1.1.2",
            "es-abstract": "1.9.0"
          }
        },
        "arrify": {
          "version": "1.0.1",
          "bundled": true
        },
        "babel-code-frame": {
          "version": "6.26.0",
          "bundled": true,
          "requires": {
            "chalk": "1.1.3",
            "esutils": "2.0.2",
            "js-tokens": "3.0.2"
          }
        },
        "balanced-match": {
          "version": "1.0.0",
          "bundled": true
        },
        "brace-expansion": {
          "version": "1.1.8",
          "bundled": true,
          "requires": {
            "balanced-match": "1.0.0",
            "concat-map": "0.0.1"
          }
        },
        "browser-stdout": {
          "version": "1.3.0",
          "bundled": true
        },
        "builtin-modules": {
          "version": "1.1.1",
          "bundled": true
        },
        "caller-path": {
          "version": "0.1.0",
          "bundled": true,
          "requires": {
            "callsites": "0.2.0"
          }
        },
        "callsite": {
          "version": "1.0.0",
          "bundled": true
        },
        "callsites": {
          "version": "0.2.0",
          "bundled": true
        },
        "chalk": {
          "version": "1.1.3",
          "bundled": true,
          "requires": {
            "ansi-styles": "2.2.1",
            "escape-string-regexp": "1.0.5",
            "has-ansi": "2.0.0",
            "strip-ansi": "3.0.1",
            "supports-color": "2.0.0"
          }
        },
        "circular-json": {
          "version": "0.3.3",
          "bundled": true
        },
        "cli-cursor": {
          "version": "1.0.2",
          "bundled": true,
          "requires": {
            "restore-cursor": "1.0.1"
          }
        },
        "cli-width": {
          "version": "2.2.0",
          "bundled": true
        },
        "co": {
          "version": "4.6.0",
          "bundled": true
        },
        "code-point-at": {
          "version": "1.1.0",
          "bundled": true
        },
        "commander": {
          "version": "2.11.0",
          "bundled": true
        },
        "concat-map": {
          "version": "0.0.1",
          "bundled": true
        },
        "concat-stream": {
          "version": "1.6.0",
          "bundled": true,
          "requires": {
            "inherits": "2.0.3",
            "readable-stream": "2.3.3",
            "typedarray": "0.0.6"
          }
        },
        "contains-path": {
          "version": "0.1.0",
          "bundled": true
        },
        "content-disposition": {
          "version": "0.5.2",
          "bundled": true
        },
        "content-type": {
          "version": "1.0.4",
          "bundled": true
        },
        "cookie": {
          "version": "0.3.1",
          "bundled": true
        },
        "cookie-parser": {
          "version": "1.4.3",
          "bundled": true,
          "requires": {
            "cookie": "0.3.1",
            "cookie-signature": "1.0.6"
          }
        },
        "cookie-signature": {
          "version": "1.0.6",
          "bundled": true
        },
        "core-util-is": {
          "version": "1.0.2",
          "bundled": true
        },
        "d": {
          "version": "1.0.0",
          "bundled": true,
          "requires": {
            "es5-ext": "0.10.31"
          }
        },
        "debug": {
          "version": "2.6.9",
          "bundled": true,
          "requires": {
            "ms": "2.0.0"
          }
        },
        "debug-log": {
          "version": "1.0.1",
          "bundled": true
        },
        "deep-is": {
          "version": "0.1.3",
          "bundled": true
        },
        "define-properties": {
          "version": "1.1.2",
          "bundled": true,
          "requires": {
            "foreach": "2.0.5",
            "object-keys": "1.0.11"
          }
        },
        "deglob": {
          "version": "2.1.0",
          "bundled": true,
          "requires": {
            "find-root": "1.1.0",
            "glob": "7.1.2",
            "ignore": "3.3.5",
            "pkg-config": "1.1.1",
            "run-parallel": "1.1.6",
            "uniq": "1.0.1"
          }
        },
        "del": {
          "version": "2.2.2",
          "bundled": true,
          "requires": {
            "globby": "5.0.0",
            "is-path-cwd": "1.0.0",
            "is-path-in-cwd": "1.0.0",
            "object-assign": "4.1.1",
            "pify": "2.3.0",
            "pinkie-promise": "2.0.1",
            "rimraf": "2.6.2"
          }
        },
        "depd": {
          "version": "1.1.1",
          "bundled": true
        },
        "destroy": {
          "version": "1.0.4",
          "bundled": true
        },
        "diff": {
          "version": "3.3.1",
          "bundled": true
        },
        "doctrine": {
          "version": "2.0.0",
          "bundled": true,
          "requires": {
            "esutils": "2.0.2",
            "isarray": "1.0.0"
          }
        },
        "ee-first": {
          "version": "1.1.1",
          "bundled": true
        },
        "encodeurl": {
          "version": "1.0.1",
          "bundled": true
        },
        "error-ex": {
          "version": "1.3.1",
          "bundled": true,
          "requires": {
            "is-arrayish": "0.2.1"
          }
        },
        "es-abstract": {
          "version": "1.9.0",
          "bundled": true,
          "requires": {
            "es-to-primitive": "1.1.1",
            "function-bind": "1.1.1",
            "has": "1.0.1",
            "is-callable": "1.1.3",
            "is-regex": "1.0.4"
          }
        },
        "es-to-primitive": {
          "version": "1.1.1",
          "bundled": true,
          "requires": {
            "is-callable": "1.1.3",
            "is-date-object": "1.0.1",
            "is-symbol": "1.0.1"
          }
        },
        "es5-ext": {
          "version": "0.10.31",
          "bundled": true,
          "requires": {
            "es6-iterator": "2.0.1",
            "es6-symbol": "3.1.1"
          }
        },
        "es6-iterator": {
          "version": "2.0.1",
          "bundled": true,
          "requires": {
            "d": "1.0.0",
            "es5-ext": "0.10.31",
            "es6-symbol": "3.1.1"
          }
        },
        "es6-map": {
          "version": "0.1.5",
          "bundled": true,
          "requires": {
            "d": "1.0.0",
            "es5-ext": "0.10.31",
            "es6-iterator": "2.0.1",
            "es6-set": "0.1.5",
            "es6-symbol": "3.1.1",
            "event-emitter": "0.3.5"
          }
        },
        "es6-set": {
          "version": "0.1.5",
          "bundled": true,
          "requires": {
            "d": "1.0.0",
            "es5-ext": "0.10.31",
            "es6-iterator": "2.0.1",
            "es6-symbol": "3.1.1",
            "event-emitter": "0.3.5"
          }
        },
        "es6-symbol": {
          "version": "3.1.1",
          "bundled": true,
          "requires": {
            "d": "1.0.0",
            "es5-ext": "0.10.31"
          }
        },
        "es6-weak-map": {
          "version": "2.0.2",
          "bundled": true,
          "requires": {
            "d": "1.0.0",
            "es5-ext": "0.10.31",
            "es6-iterator": "2.0.1",
            "es6-symbol": "3.1.1"
          }
        },
        "escape-html": {
          "version": "1.0.3",
          "bundled": true
        },
        "escape-string-regexp": {
          "version": "1.0.5",
          "bundled": true
        },
        "escope": {
          "version": "3.6.0",
          "bundled": true,
          "requires": {
            "es6-map": "0.1.5",
            "es6-weak-map": "2.0.2",
            "esrecurse": "4.2.0",
            "estraverse": "4.2.0"
          }
        },
        "eslint": {
          "version": "3.19.0",
          "bundled": true,
          "requires": {
            "babel-code-frame": "6.26.0",
            "chalk": "1.1.3",
            "concat-stream": "1.6.0",
            "debug": "2.6.9",
            "doctrine": "2.0.0",
            "escope": "3.6.0",
            "espree": "3.5.1",
            "esquery": "1.0.0",
            "estraverse": "4.2.0",
            "esutils": "2.0.2",
            "file-entry-cache": "2.0.0",
            "glob": "7.1.2",
            "globals": "9.18.0",
            "ignore": "3.3.5",
            "imurmurhash": "0.1.4",
            "inquirer": "0.12.0",
            "is-my-json-valid": "2.16.1",
            "is-resolvable": "1.0.0",
            "js-yaml": "3.10.0",
            "json-stable-stringify": "1.0.1",
            "levn": "0.3.0",
            "lodash": "4.17.4",
            "mkdirp": "0.5.1",
            "natural-compare": "1.4.0",
            "optionator": "0.8.2",
            "path-is-inside": "1.0.2",
            "pluralize": "1.2.1",
            "progress": "1.1.8",
            "require-uncached": "1.0.3",
            "shelljs": "0.7.8",
            "strip-bom": "3.0.0",
            "strip-json-comments": "2.0.1",
            "table": "3.8.3",
            "text-table": "0.2.0",
            "user-home": "2.0.0"
          }
        },
        "eslint-config-happiness": {
          "version": "10.2.1",
          "bundled": true
        },
        "eslint-config-happiness-jsx": {
          "version": "4.0.2",
          "bundled": true
        },
        "eslint-config-standard": {
          "version": "10.2.1",
          "bundled": true
        },
        "eslint-config-standard-jsx": {
          "version": "4.0.2",
          "bundled": true
        },
        "eslint-import-resolver-node": {
          "version": "0.2.3",
          "bundled": true,
          "requires": {
            "debug": "2.6.9",
            "object-assign": "4.1.1",
            "resolve": "1.4.0"
          }
        },
        "eslint-module-utils": {
          "version": "2.1.1",
          "bundled": true,
          "requires": {
            "debug": "2.6.9",
            "pkg-dir": "1.0.0"
          }
        },
        "eslint-plugin-import": {
          "version": "2.2.0",
          "bundled": true,
          "requires": {
            "builtin-modules": "1.1.1",
            "contains-path": "0.1.0",
            "debug": "2.6.9",
            "doctrine": "1.5.0",
            "eslint-import-resolver-node": "0.2.3",
            "eslint-module-utils": "2.1.1",
            "has": "1.0.1",
            "lodash.cond": "4.5.2",
            "minimatch": "3.0.4",
            "pkg-up": "1.0.0"
          },
          "dependencies": {
            "doctrine": {
              "version": "1.5.0",
              "bundled": true,
              "requires": {
                "esutils": "2.0.2",
                "isarray": "1.0.0"
              }
            }
          }
        },
        "eslint-plugin-node": {
          "version": "4.2.3",
          "bundled": true,
          "requires": {
            "ignore": "3.3.5",
            "minimatch": "3.0.4",
            "object-assign": "4.1.1",
            "resolve": "1.4.0",
            "semver": "5.3.0"
          }
        },
        "eslint-plugin-promise": {
          "version": "3.5.0",
          "bundled": true
        },
        "eslint-plugin-react": {
          "version": "6.10.3",
          "bundled": true,
          "requires": {
            "array.prototype.find": "2.0.4",
            "doctrine": "1.5.0",
            "has": "1.0.1",
            "jsx-ast-utils": "1.4.1",
            "object.assign": "4.0.4"
          },
          "dependencies": {
            "doctrine": {
              "version": "1.5.0",
              "bundled": true,
              "requires": {
                "esutils": "2.0.2",
                "isarray": "1.0.0"
              }
            }
          }
        },
        "eslint-plugin-standard": {
          "version": "3.0.1",
          "bundled": true
        },
        "espree": {
          "version": "3.5.1",
          "bundled": true,
          "requires": {
            "acorn": "5.1.2",
            "acorn-jsx": "3.0.1"
          }
        },
        "esprima": {
          "version": "4.0.0",
          "bundled": true
        },
        "esquery": {
          "version": "1.0.0",
          "bundled": true,
          "requires": {
            "estraverse": "4.2.0"
          }
        },
        "esrecurse": {
          "version": "4.2.0",
          "bundled": true,
          "requires": {
            "estraverse": "4.2.0",
            "object-assign": "4.1.1"
          }
        },
        "estraverse": {
          "version": "4.2.0",
          "bundled": true
        },
        "esutils": {
          "version": "2.0.2",
          "bundled": true
        },
        "etag": {
          "version": "1.8.1",
          "bundled": true
        },
        "event-emitter": {
          "version": "0.3.5",
          "bundled": true,
          "requires": {
            "d": "1.0.0",
            "es5-ext": "0.10.31"
          }
        },
        "exit-hook": {
          "version": "1.1.1",
          "bundled": true
        },
        "express": {
          "version": "5.0.0-alpha.6",
          "bundled": true,
          "requires": {
            "accepts": "1.3.4",
            "array-flatten": "2.1.1",
            "content-disposition": "0.5.2",
            "content-type": "1.0.4",
            "cookie": "0.3.1",
            "cookie-signature": "1.0.6",
            "debug": "2.6.9",
            "depd": "1.1.1",
            "encodeurl": "1.0.1",
            "escape-html": "1.0.3",
            "etag": "1.8.1",
            "finalhandler": "1.0.6",
            "fresh": "0.5.2",
            "merge-descriptors": "1.0.1",
            "methods": "1.1.2",
            "on-finished": "2.3.0",
            "parseurl": "1.3.2",
            "path-is-absolute": "1.0.1",
            "path-to-regexp": "0.1.7",
            "proxy-addr": "1.1.5",
            "qs": "6.5.0",
            "range-parser": "1.2.0",
            "router": "1.3.2",
            "send": "0.15.6",
            "serve-static": "1.12.6",
            "setprototypeof": "1.0.3",
            "statuses": "1.3.1",
            "type-is": "1.6.15",
            "utils-merge": "1.0.0",
            "vary": "1.1.2"
          }
        },
        "fast-levenshtein": {
          "version": "2.0.6",
          "bundled": true
        },
        "figures": {
          "version": "1.7.0",
          "bundled": true,
          "requires": {
            "escape-string-regexp": "1.0.5",
            "object-assign": "4.1.1"
          }
        },
        "file-entry-cache": {
          "version": "2.0.0",
          "bundled": true,
          "requires": {
            "flat-cache": "1.3.0",
            "object-assign": "4.1.1"
          }
        },
        "finalhandler": {
          "version": "1.0.6",
          "bundled": true,
          "requires": {
            "debug": "2.6.9",
            "encodeurl": "1.0.1",
            "escape-html": "1.0.3",
            "on-finished": "2.3.0",
            "parseurl": "1.3.2",
            "statuses": "1.3.1",
            "unpipe": "1.0.0"
          }
        },
        "find-root": {
          "version": "1.1.0",
          "bundled": true
        },
        "find-up": {
          "version": "1.1.2",
          "bundled": true,
          "requires": {
            "path-exists": "2.1.0",
            "pinkie-promise": "2.0.1"
          }
        },
        "flat-cache": {
          "version": "1.3.0",
          "bundled": true,
          "requires": {
            "circular-json": "0.3.3",
            "del": "2.2.2",
            "graceful-fs": "4.1.11",
            "write": "0.2.1"
          }
        },
        "foreach": {
          "version": "2.0.5",
          "bundled": true
        },
        "forwarded": {
          "version": "0.1.2",
          "bundled": true
        },
        "fresh": {
          "version": "0.5.2",
          "bundled": true
        },
        "fs.realpath": {
          "version": "1.0.0",
          "bundled": true
        },
        "function-bind": {
          "version": "1.1.1",
          "bundled": true
        },
        "generate-function": {
          "version": "2.0.0",
          "bundled": true
        },
        "generate-object-property": {
          "version": "1.2.0",
          "bundled": true,
          "requires": {
            "is-property": "1.0.2"
          }
        },
        "get-stdin": {
          "version": "5.0.1",
          "bundled": true
        },
        "glob": {
          "version": "7.1.2",
          "bundled": true,
          "requires": {
            "fs.realpath": "1.0.0",
            "inflight": "1.0.6",
            "inherits": "2.0.3",
            "minimatch": "3.0.4",
            "once": "1.4.0",
            "path-is-absolute": "1.0.1"
          }
        },
        "globals": {
          "version": "9.18.0",
          "bundled": true
        },
        "globby": {
          "version": "5.0.0",
          "bundled": true,
          "requires": {
            "array-union": "1.0.2",
            "arrify": "1.0.1",
            "glob": "7.1.2",
            "object-assign": "4.1.1",
            "pify": "2.3.0",
            "pinkie-promise": "2.0.1"
          }
        },
        "graceful-fs": {
          "version": "4.1.11",
          "bundled": true
        },
        "growl": {
          "version": "1.10.3",
          "bundled": true
        },
        "happiness": {
          "version": "10.0.2",
          "bundled": true,
          "requires": {
            "eslint": "3.19.0",
            "eslint-config-happiness": "10.2.1",
            "eslint-config-happiness-jsx": "4.0.2",
            "eslint-plugin-import": "2.2.0",
            "eslint-plugin-node": "4.2.3",
            "eslint-plugin-promise": "3.5.0",
            "eslint-plugin-react": "6.10.3",
            "eslint-plugin-standard": "3.0.1",
            "standard-engine": "7.0.0"
          }
        },
        "has": {
          "version": "1.0.1",
          "bundled": true,
          "requires": {
            "function-bind": "1.1.1"
          }
        },
        "has-ansi": {
          "version": "2.0.0",
          "bundled": true,
          "requires": {
            "ansi-regex": "2.1.1"
          }
        },
        "has-flag": {
          "version": "2.0.0",
          "bundled": true
        },
        "he": {
          "version": "1.1.1",
          "bundled": true
        },
        "http-errors": {
          "version": "1.6.2",
          "bundled": true,
          "requires": {
            "depd": "1.1.1",
            "inherits": "2.0.3",
            "setprototypeof": "1.0.3",
            "statuses": "1.3.1"
          }
        },
        "ignore": {
          "version": "3.3.5",
          "bundled": true
        },
        "import-lazy": {
          "version": "3.0.0",
          "bundled": true
        },
        "imurmurhash": {
          "version": "0.1.4",
          "bundled": true
        },
        "inflight": {
          "version": "1.0.6",
          "bundled": true,
          "requires": {
            "once": "1.4.0",
            "wrappy": "1.0.2"
          }
        },
        "inherits": {
          "version": "2.0.3",
          "bundled": true
        },
        "inquirer": {
          "version": "0.12.0",
          "bundled": true,
          "requires": {
            "ansi-escapes": "1.4.0",
            "ansi-regex": "2.1.1",
            "chalk": "1.1.3",
            "cli-cursor": "1.0.2",
            "cli-width": "2.2.0",
            "figures": "1.7.0",
            "lodash": "4.17.4",
            "readline2": "1.0.1",
            "run-async": "0.1.0",
            "rx-lite": "3.1.2",
            "string-width": "1.0.2",
            "strip-ansi": "3.0.1",
            "through": "2.3.8"
          }
        },
        "interpret": {
          "version": "1.0.4",
          "bundled": true
        },
        "ipaddr.js": {
          "version": "1.4.0",
          "bundled": true
        },
        "is-arrayish": {
          "version": "0.2.1",
          "bundled": true
        },
        "is-callable": {
          "version": "1.1.3",
          "bundled": true
        },
        "is-date-object": {
          "version": "1.0.1",
          "bundled": true
        },
        "is-fullwidth-code-point": {
          "version": "1.0.0",
          "bundled": true,
          "requires": {
            "number-is-nan": "1.0.1"
          }
        },
        "is-my-json-valid": {
          "version": "2.16.1",
          "bundled": true,
          "requires": {
            "generate-function": "2.0.0",
            "generate-object-property": "1.2.0",
            "jsonpointer": "4.0.1",
            "xtend": "4.0.1"
          }
        },
        "is-path-cwd": {
          "version": "1.0.0",
          "bundled": true
        },
        "is-path-in-cwd": {
          "version": "1.0.0",
          "bundled": true,
          "requires": {
            "is-path-inside": "1.0.0"
          }
        },
        "is-path-inside": {
          "version": "1.0.0",
          "bundled": true,
          "requires": {
            "path-is-inside": "1.0.2"
          }
        },
        "is-property": {
          "version": "1.0.2",
          "bundled": true
        },
        "is-regex": {
          "version": "1.0.4",
          "bundled": true,
          "requires": {
            "has": "1.0.1"
          }
        },
        "is-resolvable": {
          "version": "1.0.0",
          "bundled": true,
          "requires": {
            "tryit": "1.0.3"
          }
        },
        "is-symbol": {
          "version": "1.0.1",
          "bundled": true
        },
        "isarray": {
          "version": "1.0.0",
          "bundled": true
        },
        "js-tokens": {
          "version": "3.0.2",
          "bundled": true
        },
        "js-yaml": {
          "version": "3.10.0",
          "bundled": true,
          "requires": {
            "argparse": "1.0.9",
            "esprima": "4.0.0"
          }
        },
        "json-stable-stringify": {
          "version": "1.0.1",
          "bundled": true,
          "requires": {
            "jsonify": "0.0.0"
          }
        },
        "jsonify": {
          "version": "0.0.0",
          "bundled": true
        },
        "jsonpointer": {
          "version": "4.0.1",
          "bundled": true
        },
        "jsx-ast-utils": {
          "version": "1.4.1",
          "bundled": true
        },
        "levn": {
          "version": "0.3.0",
          "bundled": true,
          "requires": {
            "prelude-ls": "1.1.2",
            "type-check": "0.3.2"
          }
        },
        "load-json-file": {
          "version": "2.0.0",
          "bundled": true,
          "requires": {
            "graceful-fs": "4.1.11",
            "parse-json": "2.2.0",
            "pify": "2.3.0",
            "strip-bom": "3.0.0"
          }
        },
        "locate-path": {
          "version": "2.0.0",
          "bundled": true,
          "requires": {
            "p-locate": "2.0.0",
            "path-exists": "3.0.0"
          },
          "dependencies": {
            "path-exists": {
              "version": "3.0.0",
              "bundled": true
            }
          }
        },
        "lodash": {
          "version": "4.17.4",
          "bundled": true
        },
        "lodash.cond": {
          "version": "4.5.2",
          "bundled": true
        },
        "loggerr": {
          "version": "1.8.0",
          "bundled": true,
          "requires": {
            "chalk": "1.1.3"
          }
        },
        "media-typer": {
          "version": "0.3.0",
          "bundled": true
        },
        "merge-descriptors": {
          "version": "1.0.1",
          "bundled": true
        },
        "methods": {
          "version": "1.1.2",
          "bundled": true
        },
        "mime": {
          "version": "1.3.4",
          "bundled": true
        },
        "mime-db": {
          "version": "1.30.0",
          "bundled": true
        },
        "mime-types": {
          "version": "2.1.17",
          "bundled": true,
          "requires": {
            "mime-db": "1.30.0"
          }
        },
        "minimatch": {
          "version": "3.0.4",
          "bundled": true,
          "requires": {
            "brace-expansion": "1.1.8"
          }
        },
        "minimist": {
          "version": "0.0.8",
          "bundled": true
        },
        "mkdirp": {
          "version": "0.5.1",
          "bundled": true,
          "requires": {
            "minimist": "0.0.8"
          }
        },
        "mocha": {
          "version": "4.0.1",
          "bundled": true,
          "requires": {
            "browser-stdout": "1.3.0",
            "commander": "2.11.0",
            "debug": "3.1.0",
            "diff": "3.3.1",
            "escape-string-regexp": "1.0.5",
            "glob": "7.1.2",
            "growl": "1.10.3",
            "he": "1.1.1",
            "mkdirp": "0.5.1",
            "supports-color": "4.4.0"
          },
          "dependencies": {
            "debug": {
              "version": "3.1.0",
              "bundled": true,
              "requires": {
                "ms": "2.0.0"
              }
            },
            "supports-color": {
              "version": "4.4.0",
              "bundled": true,
              "requires": {
                "has-flag": "2.0.0"
              }
            }
          }
        },
        "ms": {
          "version": "2.0.0",
          "bundled": true
        },
        "mute-stream": {
          "version": "0.0.5",
          "bundled": true
        },
        "natural-compare": {
          "version": "1.4.0",
          "bundled": true
        },
        "negotiator": {
          "version": "0.6.1",
          "bundled": true
        },
        "node-bash-title": {
          "version": "0.0.2",
          "bundled": true
        },
        "number-is-nan": {
          "version": "1.0.1",
          "bundled": true
        },
        "object-assign": {
          "version": "4.1.1",
          "bundled": true
        },
        "object-keys": {
          "version": "1.0.11",
          "bundled": true
        },
        "object.assign": {
          "version": "4.0.4",
          "bundled": true,
          "requires": {
            "define-properties": "1.1.2",
            "function-bind": "1.1.1",
            "object-keys": "1.0.11"
          }
        },
        "on-finished": {
          "version": "2.3.0",
          "bundled": true,
          "requires": {
            "ee-first": "1.1.1"
          }
        },
        "once": {
          "version": "1.4.0",
          "bundled": true,
          "requires": {
            "wrappy": "1.0.2"
          }
        },
        "onetime": {
          "version": "1.1.0",
          "bundled": true
        },
        "optionator": {
          "version": "0.8.2",
          "bundled": true,
          "requires": {
            "deep-is": "0.1.3",
            "fast-levenshtein": "2.0.6",
            "levn": "0.3.0",
            "prelude-ls": "1.1.2",
            "type-check": "0.3.2",
            "wordwrap": "1.0.0"
          }
        },
        "os-homedir": {
          "version": "1.0.2",
          "bundled": true
        },
        "p-limit": {
          "version": "1.1.0",
          "bundled": true
        },
        "p-locate": {
          "version": "2.0.0",
          "bundled": true,
          "requires": {
            "p-limit": "1.1.0"
          }
        },
        "parse-json": {
          "version": "2.2.0",
          "bundled": true,
          "requires": {
            "error-ex": "1.3.1"
          }
        },
        "parseurl": {
          "version": "1.3.2",
          "bundled": true
        },
        "path-exists": {
          "version": "2.1.0",
          "bundled": true,
          "requires": {
            "pinkie-promise": "2.0.1"
          }
        },
        "path-is-absolute": {
          "version": "1.0.1",
          "bundled": true
        },
        "path-is-inside": {
          "version": "1.0.2",
          "bundled": true
        },
        "path-parse": {
          "version": "1.0.5",
          "bundled": true
        },
        "path-to-regexp": {
          "version": "0.1.7",
          "bundled": true
        },
        "pify": {
          "version": "2.3.0",
          "bundled": true
        },
        "pinkie": {
          "version": "2.0.4",
          "bundled": true
        },
        "pinkie-promise": {
          "version": "2.0.1",
          "bundled": true,
          "requires": {
            "pinkie": "2.0.4"
          }
        },
        "pkg-conf": {
          "version": "2.0.0",
          "bundled": true,
          "requires": {
            "find-up": "2.1.0",
            "load-json-file": "2.0.0"
          },
          "dependencies": {
            "find-up": {
              "version": "2.1.0",
              "bundled": true,
              "requires": {
                "locate-path": "2.0.0"
              }
            }
          }
        },
        "pkg-config": {
          "version": "1.1.1",
          "bundled": true,
          "requires": {
            "debug-log": "1.0.1",
            "find-root": "1.1.0",
            "xtend": "4.0.1"
          }
        },
        "pkg-dir": {
          "version": "1.0.0",
          "bundled": true,
          "requires": {
            "find-up": "1.1.2"
          }
        },
        "pkg-up": {
          "version": "1.0.0",
          "bundled": true,
          "requires": {
            "find-up": "1.1.2"
          }
        },
        "pluralize": {
          "version": "1.2.1",
          "bundled": true
        },
        "prelude-ls": {
          "version": "1.1.2",
          "bundled": true
        },
        "process-nextick-args": {
          "version": "1.0.7",
          "bundled": true
        },
        "progress": {
          "version": "1.1.8",
          "bundled": true
        },
        "proxy-addr": {
          "version": "1.1.5",
          "bundled": true,
          "requires": {
            "forwarded": "0.1.2",
            "ipaddr.js": "1.4.0"
          }
        },
        "qs": {
          "version": "6.5.0",
          "bundled": true
        },
        "range-parser": {
          "version": "1.2.0",
          "bundled": true
        },
        "readable-stream": {
          "version": "2.3.3",
          "bundled": true,
          "requires": {
            "core-util-is": "1.0.2",
            "inherits": "2.0.3",
            "isarray": "1.0.0",
            "process-nextick-args": "1.0.7",
            "safe-buffer": "5.1.1",
            "string_decoder": "1.0.3",
            "util-deprecate": "1.0.2"
          }
        },
        "readline2": {
          "version": "1.0.1",
          "bundled": true,
          "requires": {
            "code-point-at": "1.1.0",
            "is-fullwidth-code-point": "1.0.0",
            "mute-stream": "0.0.5"
          }
        },
        "rechoir": {
          "version": "0.6.2",
          "bundled": true,
          "requires": {
            "resolve": "1.4.0"
          }
        },
        "require-uncached": {
          "version": "1.0.3",
          "bundled": true,
          "requires": {
            "caller-path": "0.1.0",
            "resolve-from": "1.0.1"
          }
        },
        "resolve": {
          "version": "1.4.0",
          "bundled": true,
          "requires": {
            "path-parse": "1.0.5"
          }
        },
        "resolve-from": {
          "version": "1.0.1",
          "bundled": true
        },
        "restore-cursor": {
          "version": "1.0.1",
          "bundled": true,
          "requires": {
            "exit-hook": "1.1.1",
            "onetime": "1.1.0"
          }
        },
        "rimraf": {
          "version": "2.6.2",
          "bundled": true,
          "requires": {
            "glob": "7.1.2"
          }
        },
        "router": {
          "version": "1.3.2",
          "bundled": true,
          "requires": {
            "array-flatten": "2.1.1",
            "debug": "2.6.9",
            "methods": "1.1.2",
            "parseurl": "1.3.2",
            "path-to-regexp": "0.1.7",
            "setprototypeof": "1.1.0",
            "utils-merge": "1.0.1"
          },
          "dependencies": {
            "setprototypeof": {
              "version": "1.1.0",
              "bundled": true
            },
            "utils-merge": {
              "version": "1.0.1",
              "bundled": true
            }
          }
        },
        "run-async": {
          "version": "0.1.0",
          "bundled": true,
          "requires": {
            "once": "1.4.0"
          }
        },
        "run-parallel": {
          "version": "1.1.6",
          "bundled": true
        },
        "runnable": {
          "version": "3.0.0",
          "bundled": true,
          "requires": {
            "callsite": "1.0.0"
          }
        },
        "rx-lite": {
          "version": "3.1.2",
          "bundled": true
        },
        "safe-buffer": {
          "version": "5.1.1",
          "bundled": true
        },
        "semver": {
          "version": "5.3.0",
          "bundled": true
        },
        "send": {
          "version": "0.15.6",
          "bundled": true,
          "requires": {
            "debug": "2.6.9",
            "depd": "1.1.1",
            "destroy": "1.0.4",
            "encodeurl": "1.0.1",
            "escape-html": "1.0.3",
            "etag": "1.8.1",
            "fresh": "0.5.2",
            "http-errors": "1.6.2",
            "mime": "1.3.4",
            "ms": "2.0.0",
            "on-finished": "2.3.0",
            "range-parser": "1.2.0",
            "statuses": "1.3.1"
          }
        },
        "serve-static": {
          "version": "1.12.6",
          "bundled": true,
          "requires": {
            "encodeurl": "1.0.1",
            "escape-html": "1.0.3",
            "parseurl": "1.3.2",
            "send": "0.15.6"
          }
        },
        "setprototypeof": {
          "version": "1.0.3",
          "bundled": true
        },
        "shelljs": {
          "version": "0.7.8",
          "bundled": true,
          "requires": {
            "glob": "7.1.2",
            "interpret": "1.0.4",
            "rechoir": "0.6.2"
          }
        },
        "slice-ansi": {
          "version": "0.0.4",
          "bundled": true
        },
        "sprintf-js": {
          "version": "1.0.3",
          "bundled": true
        },
        "standard": {
          "version": "10.0.3",
          "bundled": true,
          "requires": {
            "eslint": "3.19.0",
            "eslint-config-standard": "10.2.1",
            "eslint-config-standard-jsx": "4.0.2",
            "eslint-plugin-import": "2.2.0",
            "eslint-plugin-node": "4.2.3",
            "eslint-plugin-promise": "3.5.0",
            "eslint-plugin-react": "6.10.3",
            "eslint-plugin-standard": "3.0.1",
            "standard-engine": "7.0.0"
          }
        },
        "standard-engine": {
          "version": "7.0.0",
          "bundled": true,
          "requires": {
            "deglob": "2.1.0",
            "get-stdin": "5.0.1",
            "minimist": "1.2.0",
            "pkg-conf": "2.0.0"
          },
          "dependencies": {
            "minimist": {
              "version": "1.2.0",
              "bundled": true
            }
          }
        },
        "statuses": {
          "version": "1.3.1",
          "bundled": true
        },
        "string-width": {
          "version": "1.0.2",
          "bundled": true,
          "requires": {
            "code-point-at": "1.1.0",
            "is-fullwidth-code-point": "1.0.0",
            "strip-ansi": "3.0.1"
          }
        },
        "string_decoder": {
          "version": "1.0.3",
          "bundled": true,
          "requires": {
            "safe-buffer": "5.1.1"
          }
        },
        "strip-ansi": {
          "version": "3.0.1",
          "bundled": true,
          "requires": {
            "ansi-regex": "2.1.1"
          }
        },
        "strip-bom": {
          "version": "3.0.0",
          "bundled": true
        },
        "strip-json-comments": {
          "version": "2.0.1",
          "bundled": true
        },
        "supports-color": {
          "version": "2.0.0",
          "bundled": true
        },
        "table": {
          "version": "3.8.3",
          "bundled": true,
          "requires": {
            "ajv": "4.11.8",
            "ajv-keywords": "1.5.1",
            "chalk": "1.1.3",
            "lodash": "4.17.4",
            "slice-ansi": "0.0.4",
            "string-width": "2.1.1"
          },
          "dependencies": {
            "ansi-regex": {
              "version": "3.0.0",
              "bundled": true
            },
            "is-fullwidth-code-point": {
              "version": "2.0.0",
              "bundled": true
            },
            "string-width": {
              "version": "2.1.1",
              "bundled": true,
              "requires": {
                "is-fullwidth-code-point": "2.0.0",
                "strip-ansi": "4.0.0"
              }
            },
            "strip-ansi": {
              "version": "4.0.0",
              "bundled": true,
              "requires": {
                "ansi-regex": "3.0.0"
              }
            }
          }
        },
        "text-table": {
          "version": "0.2.0",
          "bundled": true
        },
        "through": {
          "version": "2.3.8",
          "bundled": true
        },
        "tryit": {
          "version": "1.0.3",
          "bundled": true
        },
        "type-check": {
          "version": "0.3.2",
          "bundled": true,
          "requires": {
            "prelude-ls": "1.1.2"
          }
        },
        "type-is": {
          "version": "1.6.15",
          "bundled": true,
          "requires": {
            "media-typer": "0.3.0",
            "mime-types": "2.1.17"
          }
        },
        "typedarray": {
          "version": "0.0.6",
          "bundled": true
        },
        "uniq": {
          "version": "1.0.1",
          "bundled": true
        },
        "unpipe": {
          "version": "1.0.0",
          "bundled": true
        },
        "user-home": {
          "version": "2.0.0",
          "bundled": true,
          "requires": {
            "os-homedir": "1.0.2"
          }
        },
        "util-deprecate": {
          "version": "1.0.2",
          "bundled": true
        },
        "utils-merge": {
          "version": "1.0.0",
          "bundled": true
        },
        "vary": {
          "version": "1.1.2",
          "bundled": true
        },
        "wordwrap": {
          "version": "1.0.0",
          "bundled": true
        },
        "wrappy": {
          "version": "1.0.2",
          "bundled": true
        },
        "write": {
          "version": "0.2.1",
          "bundled": true,
          "requires": {
            "mkdirp": "0.5.1"
          }
        },
        "xtend": {
          "version": "4.0.1",
          "bundled": true
        }
      }
    }
  }
}
